
Microsoft Visual Studio Solution File, Format Version 12.00
# Visual Studio Version 17
VisualStudioVersion = 17.13.35919.96
MinimumVisualStudioVersion = 10.0.40219.1
Project("{FAE04EC0-301F-11D3-BF4B-00C04F79EFBC}") = "EclipseLink", "EclipseLink.csproj", "{4A5817B0-E23B-0CA4-BC5C-40F892E09AFE}"
EndProject
Project("{FAE04EC0-301F-11D3-BF4B-00C04F79EFBC}") = "EclipseEventNotificationsService", "..\EclipseEventNotificationService\EclipseEventNotificationsService.csproj", "{2242AFB2-0622-487F-B4AC-9DD4CEF65473}"
EndProject
Project("{FAE04EC0-301F-11D3-BF4B-00C04F79EFBC}") = "EclipseLink.Tests", "..\EclipseLink.Tests\EclipseLink.Tests.csproj", "{DC1D06AC-EF6C-FEDB-657C-C9CC00551AF4}"
EndProject
Project("{54A90642-561A-4BB1-A94E-469ADEE60C69}") = "EclipseLinkUI", "..\EclipseLinkUI\EclipseLinkUI.esproj", "{F02BED8C-D700-FA88-868A-BDC6D503F1A3}"
EndProject
Project("{FAE04EC0-301F-11D3-BF4B-00C04F79EFBC}") = "EclipseLinkDesktopUI", "..\EclipseLinkDesktopUI\EclipseLinkDesktopUI.csproj", "{308A508E-E431-4060-8699-292DCFE9A102}"
EndProject
Global
	GlobalSection(SolutionConfigurationPlatforms) = preSolution
		Debug|Any CPU = Debug|Any CPU
		Release|Any CPU = Release|Any CPU
	EndGlobalSection
	GlobalSection(ProjectConfigurationPlatforms) = postSolution
		{4A5817B0-E23B-0CA4-BC5C-40F892E09AFE}.Debug|Any CPU.ActiveCfg = Debug|Any CPU
		{4A5817B0-E23B-0CA4-BC5C-40F892E09AFE}.Debug|Any CPU.Build.0 = Debug|Any CPU
		{4A5817B0-E23B-0CA4-BC5C-40F892E09AFE}.Release|Any CPU.ActiveCfg = Release|Any CPU
		{4A5817B0-E23B-0CA4-BC5C-40F892E09AFE}.Release|Any CPU.Build.0 = Release|Any CPU
		{2242AFB2-0622-487F-B4AC-9DD4CEF65473}.Debug|Any CPU.ActiveCfg = Debug|Any CPU
		{2242AFB2-0622-487F-B4AC-9DD4CEF65473}.Debug|Any CPU.Build.0 = Debug|Any CPU
		{2242AFB2-0622-487F-B4AC-9DD4CEF65473}.Release|Any CPU.ActiveCfg = Release|Any CPU
		{2242AFB2-0622-487F-B4AC-9DD4CEF65473}.Release|Any CPU.Build.0 = Release|Any CPU
		{DC1D06AC-EF6C-FEDB-657C-C9CC00551AF4}.Debug|Any CPU.ActiveCfg = Debug|Any CPU
		{DC1D06AC-EF6C-FEDB-657C-C9CC00551AF4}.Debug|Any CPU.Build.0 = Debug|Any CPU
		{DC1D06AC-EF6C-FEDB-657C-C9CC00551AF4}.Release|Any CPU.ActiveCfg = Release|Any CPU
		{DC1D06AC-EF6C-FEDB-657C-C9CC00551AF4}.Release|Any CPU.Build.0 = Release|Any CPU
		{F02BED8C-D700-FA88-868A-BDC6D503F1A3}.Debug|Any CPU.ActiveCfg = Debug|Any CPU
		{F02BED8C-D700-FA88-868A-BDC6D503F1A3}.Debug|Any CPU.Build.0 = Debug|Any CPU
		{F02BED8C-D700-FA88-868A-BDC6D503F1A3}.Debug|Any CPU.Deploy.0 = Debug|Any CPU
		{F02BED8C-D700-FA88-868A-BDC6D503F1A3}.Release|Any CPU.ActiveCfg = Release|Any CPU
		{F02BED8C-D700-FA88-868A-BDC6D503F1A3}.Release|Any CPU.Build.0 = Release|Any CPU
		{F02BED8C-D700-FA88-868A-BDC6D503F1A3}.Release|Any CPU.Deploy.0 = Release|Any CPU
		{308A508E-E431-4060-8699-292DCFE9A102}.Debug|Any CPU.ActiveCfg = Debug|Any CPU
		{308A508E-E431-4060-8699-292DCFE9A102}.Debug|Any CPU.Build.0 = Debug|Any CPU
		{308A508E-E431-4060-8699-292DCFE9A102}.Release|Any CPU.ActiveCfg = Release|Any CPU
		{308A508E-E431-4060-8699-292DCFE9A102}.Release|Any CPU.Build.0 = Release|Any CPU
	EndGlobalSection
	GlobalSection(SolutionProperties) = preSolution
		HideSolutionNode = FALSE
	EndGlobalSection
	GlobalSection(ExtensibilityGlobals) = postSolution
		SolutionGuid = {968E9C27-86FA-4409-8BF9-EF2403D6B716}
	EndGlobalSection
EndGlobal
